
Microsoft Visual Studio Solution File, Format Version 12.00
# Visual Studio Version 16
VisualStudioVersion = 16.0.30204.135
MinimumVisualStudioVersion = 10.0.40219.1
Project("{FAE04EC0-301F-11D3-BF4B-00C04F79EFBC}") = "VisaTracking", "VisaTracking\VisaTracking.csproj", "{A53F1D8E-F196-44B0-989E-5D40AA8A1CC9}"
EndProject
Global
	GlobalSection(SolutionConfigurationPlatforms) = preSolution
		Debug|Any CPU = Debug|Any CPU
		Release|Any CPU = Release|Any CPU
	EndGlobalSection
	GlobalSection(ProjectConfigurationPlatforms) = postSolution
		{A53F1D8E-F196-44B0-989E-5D40AA8A1CC9}.Debug|Any CPU.ActiveCfg = Debug|Any CPU
		{A53F1D8E-F196-44B0-989E-5D40AA8A1CC9}.Debug|Any CPU.Build.0 = Debug|Any CPU
		{A53F1D8E-F196-44B0-989E-5D40AA8A1CC9}.Release|Any CPU.ActiveCfg = Release|Any CPU
		{A53F1D8E-F196-44B0-989E-5D40AA8A1CC9}.Release|Any CPU.Build.0 = Release|Any CPU
	EndGlobalSection
	GlobalSection(SolutionProperties) = preSolution
		HideSolutionNode = FALSE
	EndGlobalSection
	GlobalSection(ExtensibilityGlobals) = postSolution
		SolutionGuid = {74283274-C457-4563-83FE-6C38CB79FD5E}
	EndGlobalSection
EndGlobal
